// !$*UTF8*$!
{
	archiveVersion = 1;
	classes = {
	};
	objectVersion = 50;
	objects = {

/* Begin PBXBuildFile section */
		199C217E2563C92500B1C369 /* ListenNow.swift in Sources */ = {isa = PBXBuildFile; fileRef = 199C217D2563C92500B1C369 /* ListenNow.swift */; };
		199C21812563C93200B1C369 /* Library.swift in Sources */ = {isa = PBXBuildFile; fileRef = 199C21802563C93200B1C369 /* Library.swift */; };
		199C21842563C94C00B1C369 /* Search.swift in Sources */ = {isa = PBXBuildFile; fileRef = 199C21832563C94C00B1C369 /* Search.swift */; };
		199C21872563D34800B1C369 /* MusicModel.swift in Sources */ = {isa = PBXBuildFile; fileRef = 199C21862563D34700B1C369 /* MusicModel.swift */; };
		199C218A2563D3D000B1C369 /* Database.swift in Sources */ = {isa = PBXBuildFile; fileRef = 199C21892563D3D000B1C369 /* Database.swift */; };
		199C218D2563DD1000B1C369 /* BlurView.swift in Sources */ = {isa = PBXBuildFile; fileRef = 199C218C2563DD1000B1C369 /* BlurView.swift */; };
		199C2191256411F100B1C369 /* MusicPlayer.swift in Sources */ = {isa = PBXBuildFile; fileRef = 199C2190256411F000B1C369 /* MusicPlayer.swift */; };
		19BC78AB2563B63900FC7DB8 /* MusicApp.swift in Sources */ = {isa = PBXBuildFile; fileRef = 19BC78AA2563B63900FC7DB8 /* MusicApp.swift */; };
		19BC78AD2563B63900FC7DB8 /* ContentView.swift in Sources */ = {isa = PBXBuildFile; fileRef = 19BC78AC2563B63900FC7DB8 /* ContentView.swift */; };
		19BC78AF2563B63C00FC7DB8 /* Assets.xcassets in Resources */ = {isa = PBXBuildFile; fileRef = 19BC78AE2563B63C00FC7DB8 /* Assets.xcassets */; };
		19BC78B22563B63C00FC7DB8 /* Preview Assets.xcassets in Resources */ = {isa = PBXBuildFile; fileRef = 19BC78B12563B63C00FC7DB8 /* Preview Assets.xcassets */; };
/* End PBXBuildFile section */

/* Begin PBXFileReference section */
		199C217D2563C92500B1C369 /* ListenNow.swift */ = {isa = PBXFileReference; lastKnownFileType = sourcecode.swift; path = ListenNow.swift; sourceTree = "<group>"; };
		199C21802563C93200B1C369 /* Library.swift */ = {isa = PBXFileReference; lastKnownFileType = sourcecode.swift; path = Library.swift; sourceTree = "<group>"; };
		199C21832563C94C00B1C369 /* Search.swift */ = {isa = PBXFileReference; lastKnownFileType = sourcecode.swift; path = Search.swift; sourceTree = "<group>"; };
		199C21862563D34700B1C369 /* MusicModel.swift */ = {isa = PBXFileReference; lastKnownFileType = sourcecode.swift; path = MusicModel.swift; sourceTree = "<group>"; };
		199C21892563D3D000B1C369 /* Database.swift */ = {isa = PBXFileReference; lastKnownFileType = sourcecode.swift; path = Database.swift; sourceTree = "<group>"; };
		199C218C2563DD1000B1C369 /* BlurView.swift */ = {isa = PBXFileReference; lastKnownFileType = sourcecode.swift; path = BlurView.swift; sourceTree = "<group>"; };
		199C2190256411F000B1C369 /* MusicPlayer.swift */ = {isa = PBXFileReference; lastKnownFileType = sourcecode.swift; path = MusicPlayer.swift; sourceTree = "<group>"; };
		19BC78A72563B63900FC7DB8 /* Music.app */ = {isa = PBXFileReference; explicitFileType = wrapper.application; includeInIndex = 0; path = Music.app; sourceTree = BUILT_PRODUCTS_DIR; };
		19BC78AA2563B63900FC7DB8 /* MusicApp.swift */ = {isa = PBXFileReference; lastKnownFileType = sourcecode.swift; path = MusicApp.swift; sourceTree = "<group>"; };
		19BC78AC2563B63900FC7DB8 /* ContentView.swift */ = {isa = PBXFileReference; lastKnownFileType = sourcecode.swift; path = ContentView.swift; sourceTree = "<group>"; };
		19BC78AE2563B63C00FC7DB8 /* Assets.xcassets */ = {isa = PBXFileReference; lastKnownFileType = folder.assetcatalog; path = Assets.xcassets; sourceTree = "<group>"; };
		19BC78B12563B63C00FC7DB8 /* Preview Assets.xcassets */ = {isa = PBXFileReference; lastKnownFileType = folder.assetcatalog; path = "Preview Assets.xcassets"; sourceTree = "<group>"; };
		19BC78B32563B63C00FC7DB8 /* Info.plist */ = {isa = PBXFileReference; lastKnownFileType = text.plist.xml; path = Info.plist; sourceTree = "<group>"; };
/* End PBXFileReference section */

/* Begin PBXFrameworksBuildPhase section */
		19BC78A42563B63900FC7DB8 /* Frameworks */ = {
			isa = PBXFrameworksBuildPhase;
			buildActionMask = 2147483647;
			files = (
			);
			runOnlyForDeploymentPostprocessing = 0;
		};
/* End PBXFrameworksBuildPhase section */

/* Begin PBXGroup section */
		19BC789E2563B63800FC7DB8 = {
			isa = PBXGroup;
			children = (
				19BC78A92563B63900FC7DB8 /* Music */,
				19BC78A82563B63900FC7DB8 /* Products */,
			);
			sourceTree = "<group>";
		};
		19BC78A82563B63900FC7DB8 /* Products */ = {
			isa = PBXGroup;
			children = (
				19BC78A72563B63900FC7DB8 /* Music.app */,
			);
			name = Products;
			sourceTree = "<group>";
		};
		19BC78A92563B63900FC7DB8 /* Music */ = {
			isa = PBXGroup;
			children = (
				19BC78AA2563B63900FC7DB8 /* MusicApp.swift */,
				19BC78AC2563B63900FC7DB8 /* ContentView.swift */,
				199C2190256411F000B1C369 /* MusicPlayer.swift */,
				199C218C2563DD1000B1C369 /* BlurView.swift */,
				199C217D2563C92500B1C369 /* ListenNow.swift */,
				199C21802563C93200B1C369 /* Library.swift */,
				199C21862563D34700B1C369 /* MusicModel.swift */,
				199C21892563D3D000B1C369 /* Database.swift */,
				199C21832563C94C00B1C369 /* Search.swift */,
				19BC78AE2563B63C00FC7DB8 /* Assets.xcassets */,
				19BC78B32563B63C00FC7DB8 /* Info.plist */,
				19BC78B02563B63C00FC7DB8 /* Preview Content */,
			);
			path = Music;
			sourceTree = "<group>";
		};
		19BC78B02563B63C00FC7DB8 /* Preview Content */ = {
			isa = PBXGroup;
			children = (
				19BC78B12563B63C00FC7DB8 /* Preview Assets.xcassets */,
			);
			path = "Preview Content";
			sourceTree = "<group>";
		};
/* End PBXGroup section */

/* Begin PBXNativeTarget section */
		19BC78A62563B63900FC7DB8 /* Music */ = {
			isa = PBXNativeTarget;
			buildConfigurationList = 19BC78B62563B63C00FC7DB8 /* Build configuration list for PBXNativeTarget "Music" */;
			buildPhases = (
				19BC78A32563B63900FC7DB8 /* Sources */,
				19BC78A42563B63900FC7DB8 /* Frameworks */,
				19BC78A52563B63900FC7DB8 /* Resources */,
			);
			buildRules = (
			);
			dependencies = (
			);
			name = Music;
			productName = Music;
			productReference = 19BC78A72563B63900FC7DB8 /* Music.app */;
			productType = "com.apple.product-type.application";
		};
/* End PBXNativeTarget section */

/* Begin PBXProject section */
		19BC789F2563B63900FC7DB8 /* Project object */ = {
			isa = PBXProject;
			attributes = {
				LastSwiftUpdateCheck = 1220;
				LastUpgradeCheck = 1220;
				TargetAttributes = {
					19BC78A62563B63900FC7DB8 = {
						CreatedOnToolsVersion = 12.2;
					};
				};
			};
			buildConfigurationList = 19BC78A22563B63900FC7DB8 /* Build configuration list for PBXProject "Music" */;
			compatibilityVersion = "Xcode 9.3";
			developmentRegion = en;
			hasScannedForEncodings = 0;
			knownRegions = (
				en,
				Base,
			);
			mainGroup = 19BC789E2563B63800FC7DB8;
			productRefGroup = 19BC78A82563B63900FC7DB8 /* Products */;
			projectDirPath = "";
			projectRoot = "";
			targets = (
				19BC78A62563B63900FC7DB8 /* Music */,
			);
		};
/* End PBXProject section */

/* Begin PBXResourcesBuildPhase section */
		19BC78A52563B63900FC7DB8 /* Resources */ = {
			isa = PBXResourcesBuildPhase;
			buildActionMask = 2147483647;
			files = (
				19BC78B22563B63C00FC7DB8 /* Preview Assets.xcassets in Resources */,
				19BC78AF2563B63C00FC7DB8 /* Assets.xcassets in Resources */,
			);
			runOnlyForDeploymentPostprocessing = 0;
		};
/* End PBXResourcesBuildPhase section */

/* Begin PBXSourcesBuildPhase section */
		19BC78A32563B63900FC7DB8 /* Sources */ = {
			isa = PBXSourcesBuildPhase;
			buildActionMask = 2147483647;
			files = (
				19BC78AD2563B63900FC7DB8 /* ContentView.swift in Sources */,
				199C218D2563DD1000B1C369 /* BlurView.swift in Sources */,
				199C2191256411F100B1C369 /* MusicPlayer.swift in Sources */,
				199C21812563C93200B1C369 /* Library.swift in Sources */,
				199C21842563C94C00B1C369 /* Search.swift in Sources */,
				199C217E2563C92500B1C369 /* ListenNow.swift in Sources */,
				19BC78AB2563B63900FC7DB8 /* MusicApp.swift in Sources */,
				199C218A2563D3D000B1C369 /* Database.swift in Sources */,
				199C21872563D34800B1C369 /* MusicModel.swift in Sources */,
			);
			runOnlyForDeploymentPostprocessing = 0;
		};
/* End PBXSourcesBuildPhase section */

/* Begin XCBuildConfiguration section */
		19BC78B42563B63C00FC7DB8 /* Debug */ = {
			isa = XCBuildConfiguration;
			buildSettings = {
				ALWAYS_SEARCH_USER_PATHS = NO;
				CLANG_ANALYZER_NONNULL = YES;
				CLANG_ANALYZER_NUMBER_OBJECT_CONVERSION = YES_AGGRESSIVE;
				CLANG_CXX_LANGUAGE_STANDARD = "gnu++14";
				CLANG_CXX_LIBRARY = "libc++";
				CLANG_ENABLE_MODULES = YES;
				CLANG_ENABLE_OBJC_ARC = YES;
				CLANG_ENABLE_OBJC_WEAK = YES;
				CLANG_WARN_BLOCK_CAPTURE_AUTORELEASING = YES;
				CLANG_WARN_BOOL_CONVERSION = YES;
				CLANG_WARN_COMMA = YES;
				CLANG_WARN_CONSTANT_CONVERSION = YES;
				CLANG_WARN_DEPRECATED_OBJC_IMPLEMENTATIONS = YES;
				CLANG_WARN_DIRECT_OBJC_ISA_USAGE = YES_ERROR;
				CLANG_WARN_DOCUMENTATION_COMMENTS = YES;
				CLANG_WARN_EMPTY_BODY = YES;
				CLANG_WARN_ENUM_CONVERSION = YES;
				CLANG_WARN_INFINITE_RECURSION = YES;
				CLANG_WARN_INT_CONVERSION = YES;
				CLANG_WARN_NON_LITERAL_NULL_CONVERSION = YES;
				CLANG_WARN_OBJC_IMPLICIT_RETAIN_SELF = YES;
				CLANG_WARN_OBJC_LITERAL_CONVERSION = YES;
				CLANG_WARN_OBJC_ROOT_CLASS = YES_ERROR;
				CLANG_WARN_QUOTED_INCLUDE_IN_FRAMEWORK_HEADER = YES;
				CLANG_WARN_RANGE_LOOP_ANALYSIS = YES;
				CLANG_WARN_STRICT_PROTOTYPES = YES;
				CLANG_WARN_SUSPICIOUS_MOVE = YES;
				CLANG_WARN_UNGUARDED_AVAILABILITY = YES_AGGRESSIVE;
				CLANG_WARN_UNREACHABLE_CODE = YES;
				CLANG_WARN__DUPLICATE_METHOD_MATCH = YES;
				COPY_PHASE_STRIP = NO;
				DEBUG_INFORMATION_FORMAT = dwarf;
				ENABLE_STRICT_OBJC_MSGSEND = YES;
				ENABLE_TESTABILITY = YES;
				GCC_C_LANGUAGE_STANDARD = gnu11;
				GCC_DYNAMIC_NO_PIC = NO;
				GCC_NO_COMMON_BLOCKS = YES;
				GCC_OPTIMIZATION_LEVEL = 0;
				GCC_PREPROCESSOR_DEFINITIONS = (
					"DEBUG=1",
					"$(inherited)",
				);
				GCC_WARN_64_TO_32_BIT_CONVERSION = YES;
				GCC_WARN_ABOUT_RETURN_TYPE = YES_ERROR;
				GCC_WARN_UNDECLARED_SELECTOR = YES;
				GCC_WARN_UNINITIALIZED_AUTOS = YES_AGGRESSIVE;
				GCC_WARN_UNUSED_FUNCTION = YES;
				GCC_WARN_UNUSED_VARIABLE = YES;
				IPHONEOS_DEPLOYMENT_TARGET = 14.2;
				MTL_ENABLE_DEBUG_INFO = INCLUDE_SOURCE;
				MTL_FAST_MATH = YES;
				ONLY_ACTIVE_ARCH = YES;
				SDKROOT = iphoneos;
				SWIFT_ACTIVE_COMPILATION_CONDITIONS = DEBUG;
				SWIFT_OPTIMIZATION_LEVEL = "-Onone";
			};
			name = Debug;
		};
		19BC78B52563B63C00FC7DB8 /* Release */ = {
			isa = XCBuildConfiguration;
			buildSettings = {
				ALWAYS_SEARCH_USER_PATHS = NO;
				CLANG_ANALYZER_NONNULL = YES;
				CLANG_ANALYZER_NUMBER_OBJECT_CONVERSION = YES_AGGRESSIVE;
				CLANG_CXX_LANGUAGE_STANDARD = "gnu++14";
				CLANG_CXX_LIBRARY = "libc++";
				CLANG_ENABLE_MODULES = YES;
				CLANG_ENABLE_OBJC_ARC = YES;
				CLANG_ENABLE_OBJC_WEAK = YES;
				CLANG_WARN_BLOCK_CAPTURE_AUTORELEASING = YES;
				CLANG_WARN_BOOL_CONVERSION = YES;
				CLANG_WARN_COMMA = YES;
				CLANG_WARN_CONSTANT_CONVERSION = YES;
				CLANG_WARN_DEPRECATED_OBJC_IMPLEMENTATIONS = YES;
				CLANG_WARN_DIRECT_OBJC_ISA_USAGE = YES_ERROR;
				CLANG_WARN_DOCUMENTATION_COMMENTS = YES;
				CLANG_WARN_EMPTY_BODY = YES;
				CLANG_WARN_ENUM_CONVERSION = YES;
				CLANG_WARN_INFINITE_RECURSION = YES;
				CLANG_WARN_INT_CONVERSION = YES;
				CLANG_WARN_NON_LITERAL_NULL_CONVERSION = YES;
				CLANG_WARN_OBJC_IMPLICIT_RETAIN_SELF = YES;
				CLANG_WARN_OBJC_LITERAL_CONVERSION = YES;
				CLANG_WARN_OBJC_ROOT_CLASS = YES_ERROR;
				CLANG_WARN_QUOTED_INCLUDE_IN_FRAMEWORK_HEADER = YES;
				CLANG_WARN_RANGE_LOOP_ANALYSIS = YES;
				CLANG_WARN_STRICT_PROTOTYPES = YES;
				CLANG_WARN_SUSPICIOUS_MOVE = YES;
				CLANG_WARN_UNGUARDED_AVAILABILITY = YES_AGGRESSIVE;
				CLANG_WARN_UNREACHABLE_CODE = YES;
				CLANG_WARN__DUPLICATE_METHOD_MATCH = YES;
				COPY_PHASE_STRIP = NO;
				DEBUG_INFORMATION_FORMAT = "dwarf-with-dsym";
				ENABLE_NS_ASSERTIONS = NO;
				ENABLE_STRICT_OBJC_MSGSEND = YES;
				GCC_C_LANGUAGE_STANDARD = gnu11;
				GCC_NO_COMMON_BLOCKS = YES;
				GCC_WARN_64_TO_32_BIT_CONVERSION = YES;
				GCC_WARN_ABOUT_RETURN_TYPE = YES_ERROR;
				GCC_WARN_UNDECLARED_SELECTOR = YES;
				GCC_WARN_UNINITIALIZED_AUTOS = YES_AGGRESSIVE;
				GCC_WARN_UNUSED_FUNCTION = YES;
				GCC_WARN_UNUSED_VARIABLE = YES;
				IPHONEOS_DEPLOYMENT_TARGET = 14.2;
				MTL_ENABLE_DEBUG_INFO = NO;
				MTL_FAST_MATH = YES;
				SDKROOT = iphoneos;
				SWIFT_COMPILATION_MODE = wholemodule;
				SWIFT_OPTIMIZATION_LEVEL = "-O";
				VALIDATE_PRODUCT = YES;
			};
			name = Release;
		};
		19BC78B72563B63C00FC7DB8 /* Debug */ = {
			isa = XCBuildConfiguration;
			buildSettings = {
				ASSETCATALOG_COMPILER_APPICON_NAME = AppIcon;
				ASSETCATALOG_COMPILER_GLOBAL_ACCENT_COLOR_NAME = AccentColor;
				CODE_SIGN_STYLE = Automatic;
				DEVELOPMENT_ASSET_PATHS = "\"Music/Preview Content\"";
				DEVELOPMENT_TEAM = JDL4X95SF7;
				ENABLE_PREVIEWS = YES;
				INFOPLIST_FILE = Music/Info.plist;
				IPHONEOS_DEPLOYMENT_TARGET = 14.0;
				LD_RUNPATH_SEARCH_PATHS = (
					"$(inherited)",
					"@executable_path/Frameworks",
				);
				PRODUCT_BUNDLE_IDENTIFIER = Praduyt.Music;
				PRODUCT_NAME = "$(TARGET_NAME)";
				SWIFT_VERSION = 5.0;
				TARGETED_DEVICE_FAMILY = "1,2";
			};
			name = Debug;
		};
		19BC78B82563B63C00FC7DB8 /* Release */ = {
			isa = XCBuildConfiguration;
			buildSettings = {
				ASSETCATALOG_COMPILER_APPICON_NAME = AppIcon;
				ASSETCATALOG_COMPILER_GLOBAL_ACCENT_COLOR_NAME = AccentColor;
				CODE_SIGN_STYLE = Automatic;
				DEVELOPMENT_ASSET_PATHS = "\"Music/Preview Content\"";
				DEVELOPMENT_TEAM = JDL4X95SF7;
				ENABLE_PREVIEWS = YES;
				INFOPLIST_FILE = Music/Info.plist;
				IPHONEOS_DEPLOYMENT_TARGET = 14.0;
				LD_RUNPATH_SEARCH_PATHS = (
					"$(inherited)",
					"@executable_path/Frameworks",
				);
				PRODUCT_BUNDLE_IDENTIFIER = Praduyt.Music;
				PRODUCT_NAME = "$(TARGET_NAME)";
				SWIFT_VERSION = 5.0;
				TARGETED_DEVICE_FAMILY = "1,2";
			};
			name = Release;
		};
/* End XCBuildConfiguration section */

/* Begin XCConfigurationList section */
		19BC78A22563B63900FC7DB8 /* Build configuration list for PBXProject "Music" */ = {
			isa = XCConfigurationList;
			buildConfigurations = (
				19BC78B42563B63C00FC7DB8 /* Debug */,
				19BC78B52563B63C00FC7DB8 /* Release */,
			);
			defaultConfigurationIsVisible = 0;
			defaultConfigurationName = Release;
		};
		19BC78B62563B63C00FC7DB8 /* Build configuration list for PBXNativeTarget "Music" */ = {
			isa = XCConfigurationList;
			buildConfigurations = (
				19BC78B72563B63C00FC7DB8 /* Debug */,
				19BC78B82563B63C00FC7DB8 /* Release */,
			);
			defaultConfigurationIsVisible = 0;
			defaultConfigurationName = Release;
		};
/* End XCConfigurationList section */
	};
	rootObject = 19BC789F2563B63900FC7DB8 /* Project object */;
}
